
Microsoft Visual Studio Solution File, Format Version 12.00
# Visual Studio Version 16
VisualStudioVersion = 16.0.30804.86
MinimumVisualStudioVersion = 10.0.40219.1
Project("{9A19103F-16F7-4668-BE54-9A1E7A4F7556}") = "Cpu", "Cpu\Cpu.csproj", "{56C1F1E6-3743-4E5A-8486-B7259FC0CC81}"
EndProject
Project("{2150E333-8FDC-42A3-9474-1A3956D46DE8}") = "BuildConfig", "BuildConfig", "{CAA12B3D-D1E4-4C8D-80C6-8B11E8CE9471}"
	ProjectSection(SolutionItems) = preProject
		.gitignore = .gitignore
	EndProjectSection
EndProject
Project("{2150E333-8FDC-42A3-9474-1A3956D46DE8}") = "Docs", "Docs", "{7A60722D-B40E-4461-831F-B1BFFBB20F94}"
	ProjectSection(SolutionItems) = preProject
		Docs\Notes.md = Docs\Notes.md
		README.md = README.md
	EndProjectSection
EndProject
Project("{9A19103F-16F7-4668-BE54-9A1E7A4F7556}") = "CpuTests", "CpuTests\CpuTests.csproj", "{D6384A7A-BC8B-4EDB-A7AF-541051819865}"
EndProject
Project("{9A19103F-16F7-4668-BE54-9A1E7A4F7556}") = "BbcMicro", "BBCMicro\BbcMicro.csproj", "{3E6A7123-8D88-4A2B-BF4D-6E9DEC6B16FA}"
EndProject
Project("{9A19103F-16F7-4668-BE54-9A1E7A4F7556}") = "OS", "OS\OS.csproj", "{BE01F85B-AA8A-4632-8BBF-191CF04DF6D4}"
EndProject
Project("{9A19103F-16F7-4668-BE54-9A1E7A4F7556}") = "Memory", "Memory\Memory.csproj", "{7BCE22E1-C9F3-4E51-9397-7C8B4D1F562B}"
EndProject
Project("{9A19103F-16F7-4668-BE54-9A1E7A4F7556}") = "ConsoleWindowing", "ConsoleWindowing\ConsoleWindowing.csproj", "{FD6D049F-1C4B-4BE0-950A-E7DCC68782CB}"
EndProject
Project("{9A19103F-16F7-4668-BE54-9A1E7A4F7556}") = "Debugger", "Debugger\Debugger.csproj", "{5164570B-339C-49D6-91D3-C646FB6226D0}"
EndProject
Project("{9A19103F-16F7-4668-BE54-9A1E7A4F7556}") = "Screen", "Screen\Screen.csproj", "{05F6D38E-C094-444E-AC1B-C8D5CCA20B95}"
EndProject
Project("{2150E333-8FDC-42A3-9474-1A3956D46DE8}") = "Demo", "Demo", "{64AC3A37-DD2C-4273-B9D1-0C4033387BD9}"
	ProjectSection(SolutionItems) = preProject
		Demo\BasicSamples.md = Demo\BasicSamples.md
		Demo\BBCMicro.pptx = Demo\BBCMicro.pptx
		Demo\Script.md = Demo\Script.md
	EndProjectSection
EndProject
Project("{9A19103F-16F7-4668-BE54-9A1E7A4F7556}") = "Diagnostics", "Investigation\Diagnostics.csproj", "{B0786AB1-2C4D-412D-BDBF-BC186762655F}"
EndProject
Project("{FAE04EC0-301F-11D3-BF4B-00C04F79EFBC}") = "Keyboard", "Keyboard\Keyboard.csproj", "{250E0AD3-A26A-4ED0-A868-7070AE30DEF4}"
EndProject
Project("{FAE04EC0-301F-11D3-BF4B-00C04F79EFBC}") = "ScreenTest", "ScreenTest\ScreenTest.csproj", "{4C4F0C40-5782-4C64-9C5B-3EE0038D7282}"
EndProject
Project("{FAE04EC0-301F-11D3-BF4B-00C04F79EFBC}") = "BBCMicroMode0", "BBCMicroMode0\BBCMicroMode0.csproj", "{0FA153A2-C78A-44FD-989C-26EEC4944502}"
EndProject
Global
	GlobalSection(SolutionConfigurationPlatforms) = preSolution
		Debug|Any CPU = Debug|Any CPU
		Debug|x64 = Debug|x64
		Debug|x86 = Debug|x86
		Release|Any CPU = Release|Any CPU
		Release|x64 = Release|x64
		Release|x86 = Release|x86
	EndGlobalSection
	GlobalSection(ProjectConfigurationPlatforms) = postSolution
		{56C1F1E6-3743-4E5A-8486-B7259FC0CC81}.Debug|Any CPU.ActiveCfg = Debug|Any CPU
		{56C1F1E6-3743-4E5A-8486-B7259FC0CC81}.Debug|Any CPU.Build.0 = Debug|Any CPU
		{56C1F1E6-3743-4E5A-8486-B7259FC0CC81}.Debug|x64.ActiveCfg = Debug|Any CPU
		{56C1F1E6-3743-4E5A-8486-B7259FC0CC81}.Debug|x64.Build.0 = Debug|Any CPU
		{56C1F1E6-3743-4E5A-8486-B7259FC0CC81}.Debug|x86.ActiveCfg = Debug|Any CPU
		{56C1F1E6-3743-4E5A-8486-B7259FC0CC81}.Debug|x86.Build.0 = Debug|Any CPU
		{56C1F1E6-3743-4E5A-8486-B7259FC0CC81}.Release|Any CPU.ActiveCfg = Release|Any CPU
		{56C1F1E6-3743-4E5A-8486-B7259FC0CC81}.Release|Any CPU.Build.0 = Release|Any CPU
		{56C1F1E6-3743-4E5A-8486-B7259FC0CC81}.Release|x64.ActiveCfg = Release|Any CPU
		{56C1F1E6-3743-4E5A-8486-B7259FC0CC81}.Release|x64.Build.0 = Release|Any CPU
		{56C1F1E6-3743-4E5A-8486-B7259FC0CC81}.Release|x86.ActiveCfg = Release|Any CPU
		{56C1F1E6-3743-4E5A-8486-B7259FC0CC81}.Release|x86.Build.0 = Release|Any CPU
		{D6384A7A-BC8B-4EDB-A7AF-541051819865}.Debug|Any CPU.ActiveCfg = Debug|Any CPU
		{D6384A7A-BC8B-4EDB-A7AF-541051819865}.Debug|Any CPU.Build.0 = Debug|Any CPU
		{D6384A7A-BC8B-4EDB-A7AF-541051819865}.Debug|x64.ActiveCfg = Debug|Any CPU
		{D6384A7A-BC8B-4EDB-A7AF-541051819865}.Debug|x64.Build.0 = Debug|Any CPU
		{D6384A7A-BC8B-4EDB-A7AF-541051819865}.Debug|x86.ActiveCfg = Debug|Any CPU
		{D6384A7A-BC8B-4EDB-A7AF-541051819865}.Debug|x86.Build.0 = Debug|Any CPU
		{D6384A7A-BC8B-4EDB-A7AF-541051819865}.Release|Any CPU.ActiveCfg = Release|Any CPU
		{D6384A7A-BC8B-4EDB-A7AF-541051819865}.Release|Any CPU.Build.0 = Release|Any CPU
		{D6384A7A-BC8B-4EDB-A7AF-541051819865}.Release|x64.ActiveCfg = Release|Any CPU
		{D6384A7A-BC8B-4EDB-A7AF-541051819865}.Release|x64.Build.0 = Release|Any CPU
		{D6384A7A-BC8B-4EDB-A7AF-541051819865}.Release|x86.ActiveCfg = Release|Any CPU
		{D6384A7A-BC8B-4EDB-A7AF-541051819865}.Release|x86.Build.0 = Release|Any CPU
		{3E6A7123-8D88-4A2B-BF4D-6E9DEC6B16FA}.Debug|Any CPU.ActiveCfg = Debug|Any CPU
		{3E6A7123-8D88-4A2B-BF4D-6E9DEC6B16FA}.Debug|Any CPU.Build.0 = Debug|Any CPU
		{3E6A7123-8D88-4A2B-BF4D-6E9DEC6B16FA}.Debug|x64.ActiveCfg = Debug|Any CPU
		{3E6A7123-8D88-4A2B-BF4D-6E9DEC6B16FA}.Debug|x64.Build.0 = Debug|Any CPU
		{3E6A7123-8D88-4A2B-BF4D-6E9DEC6B16FA}.Debug|x86.ActiveCfg = Debug|Any CPU
		{3E6A7123-8D88-4A2B-BF4D-6E9DEC6B16FA}.Debug|x86.Build.0 = Debug|Any CPU
		{3E6A7123-8D88-4A2B-BF4D-6E9DEC6B16FA}.Release|Any CPU.ActiveCfg = Release|Any CPU
		{3E6A7123-8D88-4A2B-BF4D-6E9DEC6B16FA}.Release|Any CPU.Build.0 = Release|Any CPU
		{3E6A7123-8D88-4A2B-BF4D-6E9DEC6B16FA}.Release|x64.ActiveCfg = Release|Any CPU
		{3E6A7123-8D88-4A2B-BF4D-6E9DEC6B16FA}.Release|x64.Build.0 = Release|Any CPU
		{3E6A7123-8D88-4A2B-BF4D-6E9DEC6B16FA}.Release|x86.ActiveCfg = Release|Any CPU
		{3E6A7123-8D88-4A2B-BF4D-6E9DEC6B16FA}.Release|x86.Build.0 = Release|Any CPU
		{BE01F85B-AA8A-4632-8BBF-191CF04DF6D4}.Debug|Any CPU.ActiveCfg = Debug|Any CPU
		{BE01F85B-AA8A-4632-8BBF-191CF04DF6D4}.Debug|Any CPU.Build.0 = Debug|Any CPU
		{BE01F85B-AA8A-4632-8BBF-191CF04DF6D4}.Debug|x64.ActiveCfg = Debug|Any CPU
		{BE01F85B-AA8A-4632-8BBF-191CF04DF6D4}.Debug|x64.Build.0 = Debug|Any CPU
		{BE01F85B-AA8A-4632-8BBF-191CF04DF6D4}.Debug|x86.ActiveCfg = Debug|Any CPU
		{BE01F85B-AA8A-4632-8BBF-191CF04DF6D4}.Debug|x86.Build.0 = Debug|Any CPU
		{BE01F85B-AA8A-4632-8BBF-191CF04DF6D4}.Release|Any CPU.ActiveCfg = Release|Any CPU
		{BE01F85B-AA8A-4632-8BBF-191CF04DF6D4}.Release|Any CPU.Build.0 = Release|Any CPU
		{BE01F85B-AA8A-4632-8BBF-191CF04DF6D4}.Release|x64.ActiveCfg = Release|Any CPU
		{BE01F85B-AA8A-4632-8BBF-191CF04DF6D4}.Release|x64.Build.0 = Release|Any CPU
		{BE01F85B-AA8A-4632-8BBF-191CF04DF6D4}.Release|x86.ActiveCfg = Release|Any CPU
		{BE01F85B-AA8A-4632-8BBF-191CF04DF6D4}.Release|x86.Build.0 = Release|Any CPU
		{7BCE22E1-C9F3-4E51-9397-7C8B4D1F562B}.Debug|Any CPU.ActiveCfg = Debug|Any CPU
		{7BCE22E1-C9F3-4E51-9397-7C8B4D1F562B}.Debug|Any CPU.Build.0 = Debug|Any CPU
		{7BCE22E1-C9F3-4E51-9397-7C8B4D1F562B}.Debug|x64.ActiveCfg = Debug|Any CPU
		{7BCE22E1-C9F3-4E51-9397-7C8B4D1F562B}.Debug|x64.Build.0 = Debug|Any CPU
		{7BCE22E1-C9F3-4E51-9397-7C8B4D1F562B}.Debug|x86.ActiveCfg = Debug|Any CPU
		{7BCE22E1-C9F3-4E51-9397-7C8B4D1F562B}.Debug|x86.Build.0 = Debug|Any CPU
		{7BCE22E1-C9F3-4E51-9397-7C8B4D1F562B}.Release|Any CPU.ActiveCfg = Release|Any CPU
		{7BCE22E1-C9F3-4E51-9397-7C8B4D1F562B}.Release|Any CPU.Build.0 = Release|Any CPU
		{7BCE22E1-C9F3-4E51-9397-7C8B4D1F562B}.Release|x64.ActiveCfg = Release|Any CPU
		{7BCE22E1-C9F3-4E51-9397-7C8B4D1F562B}.Release|x64.Build.0 = Release|Any CPU
		{7BCE22E1-C9F3-4E51-9397-7C8B4D1F562B}.Release|x86.ActiveCfg = Release|Any CPU
		{7BCE22E1-C9F3-4E51-9397-7C8B4D1F562B}.Release|x86.Build.0 = Release|Any CPU
		{FD6D049F-1C4B-4BE0-950A-E7DCC68782CB}.Debug|Any CPU.ActiveCfg = Debug|Any CPU
		{FD6D049F-1C4B-4BE0-950A-E7DCC68782CB}.Debug|Any CPU.Build.0 = Debug|Any CPU
		{FD6D049F-1C4B-4BE0-950A-E7DCC68782CB}.Debug|x64.ActiveCfg = Debug|Any CPU
		{FD6D049F-1C4B-4BE0-950A-E7DCC68782CB}.Debug|x64.Build.0 = Debug|Any CPU
		{FD6D049F-1C4B-4BE0-950A-E7DCC68782CB}.Debug|x86.ActiveCfg = Debug|Any CPU
		{FD6D049F-1C4B-4BE0-950A-E7DCC68782CB}.Debug|x86.Build.0 = Debug|Any CPU
		{FD6D049F-1C4B-4BE0-950A-E7DCC68782CB}.Release|Any CPU.ActiveCfg = Release|Any CPU
		{FD6D049F-1C4B-4BE0-950A-E7DCC68782CB}.Release|Any CPU.Build.0 = Release|Any CPU
		{FD6D049F-1C4B-4BE0-950A-E7DCC68782CB}.Release|x64.ActiveCfg = Release|Any CPU
		{FD6D049F-1C4B-4BE0-950A-E7DCC68782CB}.Release|x64.Build.0 = Release|Any CPU
		{FD6D049F-1C4B-4BE0-950A-E7DCC68782CB}.Release|x86.ActiveCfg = Release|Any CPU
		{FD6D049F-1C4B-4BE0-950A-E7DCC68782CB}.Release|x86.Build.0 = Release|Any CPU
		{5164570B-339C-49D6-91D3-C646FB6226D0}.Debug|Any CPU.ActiveCfg = Debug|Any CPU
		{5164570B-339C-49D6-91D3-C646FB6226D0}.Debug|Any CPU.Build.0 = Debug|Any CPU
		{5164570B-339C-49D6-91D3-C646FB6226D0}.Debug|x64.ActiveCfg = Debug|Any CPU
		{5164570B-339C-49D6-91D3-C646FB6226D0}.Debug|x64.Build.0 = Debug|Any CPU
		{5164570B-339C-49D6-91D3-C646FB6226D0}.Debug|x86.ActiveCfg = Debug|Any CPU
		{5164570B-339C-49D6-91D3-C646FB6226D0}.Debug|x86.Build.0 = Debug|Any CPU
		{5164570B-339C-49D6-91D3-C646FB6226D0}.Release|Any CPU.ActiveCfg = Release|Any CPU
		{5164570B-339C-49D6-91D3-C646FB6226D0}.Release|Any CPU.Build.0 = Release|Any CPU
		{5164570B-339C-49D6-91D3-C646FB6226D0}.Release|x64.ActiveCfg = Release|Any CPU
		{5164570B-339C-49D6-91D3-C646FB6226D0}.Release|x64.Build.0 = Release|Any CPU
		{5164570B-339C-49D6-91D3-C646FB6226D0}.Release|x86.ActiveCfg = Release|Any CPU
		{5164570B-339C-49D6-91D3-C646FB6226D0}.Release|x86.Build.0 = Release|Any CPU
		{05F6D38E-C094-444E-AC1B-C8D5CCA20B95}.Debug|Any CPU.ActiveCfg = Debug|Any CPU
		{05F6D38E-C094-444E-AC1B-C8D5CCA20B95}.Debug|Any CPU.Build.0 = Debug|Any CPU
		{05F6D38E-C094-444E-AC1B-C8D5CCA20B95}.Debug|x64.ActiveCfg = Debug|Any CPU
		{05F6D38E-C094-444E-AC1B-C8D5CCA20B95}.Debug|x64.Build.0 = Debug|Any CPU
		{05F6D38E-C094-444E-AC1B-C8D5CCA20B95}.Debug|x86.ActiveCfg = Debug|Any CPU
		{05F6D38E-C094-444E-AC1B-C8D5CCA20B95}.Debug|x86.Build.0 = Debug|Any CPU
		{05F6D38E-C094-444E-AC1B-C8D5CCA20B95}.Release|Any CPU.ActiveCfg = Release|Any CPU
		{05F6D38E-C094-444E-AC1B-C8D5CCA20B95}.Release|Any CPU.Build.0 = Release|Any CPU
		{05F6D38E-C094-444E-AC1B-C8D5CCA20B95}.Release|x64.ActiveCfg = Release|Any CPU
		{05F6D38E-C094-444E-AC1B-C8D5CCA20B95}.Release|x64.Build.0 = Release|Any CPU
		{05F6D38E-C094-444E-AC1B-C8D5CCA20B95}.Release|x86.ActiveCfg = Release|Any CPU
		{05F6D38E-C094-444E-AC1B-C8D5CCA20B95}.Release|x86.Build.0 = Release|Any CPU
		{B0786AB1-2C4D-412D-BDBF-BC186762655F}.Debug|Any CPU.ActiveCfg = Debug|Any CPU
		{B0786AB1-2C4D-412D-BDBF-BC186762655F}.Debug|Any CPU.Build.0 = Debug|Any CPU
		{B0786AB1-2C4D-412D-BDBF-BC186762655F}.Debug|x64.ActiveCfg = Debug|Any CPU
		{B0786AB1-2C4D-412D-BDBF-BC186762655F}.Debug|x64.Build.0 = Debug|Any CPU
		{B0786AB1-2C4D-412D-BDBF-BC186762655F}.Debug|x86.ActiveCfg = Debug|Any CPU
		{B0786AB1-2C4D-412D-BDBF-BC186762655F}.Debug|x86.Build.0 = Debug|Any CPU
		{B0786AB1-2C4D-412D-BDBF-BC186762655F}.Release|Any CPU.ActiveCfg = Release|Any CPU
		{B0786AB1-2C4D-412D-BDBF-BC186762655F}.Release|Any CPU.Build.0 = Release|Any CPU
		{B0786AB1-2C4D-412D-BDBF-BC186762655F}.Release|x64.ActiveCfg = Release|Any CPU
		{B0786AB1-2C4D-412D-BDBF-BC186762655F}.Release|x64.Build.0 = Release|Any CPU
		{B0786AB1-2C4D-412D-BDBF-BC186762655F}.Release|x86.ActiveCfg = Release|Any CPU
		{B0786AB1-2C4D-412D-BDBF-BC186762655F}.Release|x86.Build.0 = Release|Any CPU
		{250E0AD3-A26A-4ED0-A868-7070AE30DEF4}.Debug|Any CPU.ActiveCfg = Debug|Any CPU
		{250E0AD3-A26A-4ED0-A868-7070AE30DEF4}.Debug|Any CPU.Build.0 = Debug|Any CPU
		{250E0AD3-A26A-4ED0-A868-7070AE30DEF4}.Debug|x64.ActiveCfg = Debug|Any CPU
		{250E0AD3-A26A-4ED0-A868-7070AE30DEF4}.Debug|x64.Build.0 = Debug|Any CPU
		{250E0AD3-A26A-4ED0-A868-7070AE30DEF4}.Debug|x86.ActiveCfg = Debug|Any CPU
		{250E0AD3-A26A-4ED0-A868-7070AE30DEF4}.Debug|x86.Build.0 = Debug|Any CPU
		{250E0AD3-A26A-4ED0-A868-7070AE30DEF4}.Release|Any CPU.ActiveCfg = Release|Any CPU
		{250E0AD3-A26A-4ED0-A868-7070AE30DEF4}.Release|Any CPU.Build.0 = Release|Any CPU
		{250E0AD3-A26A-4ED0-A868-7070AE30DEF4}.Release|x64.ActiveCfg = Release|Any CPU
		{250E0AD3-A26A-4ED0-A868-7070AE30DEF4}.Release|x64.Build.0 = Release|Any CPU
		{250E0AD3-A26A-4ED0-A868-7070AE30DEF4}.Release|x86.ActiveCfg = Release|Any CPU
		{250E0AD3-A26A-4ED0-A868-7070AE30DEF4}.Release|x86.Build.0 = Release|Any CPU
		{4C4F0C40-5782-4C64-9C5B-3EE0038D7282}.Debug|Any CPU.ActiveCfg = Debug|Any CPU
		{4C4F0C40-5782-4C64-9C5B-3EE0038D7282}.Debug|Any CPU.Build.0 = Debug|Any CPU
		{4C4F0C40-5782-4C64-9C5B-3EE0038D7282}.Debug|x64.ActiveCfg = Debug|Any CPU
		{4C4F0C40-5782-4C64-9C5B-3EE0038D7282}.Debug|x64.Build.0 = Debug|Any CPU
		{4C4F0C40-5782-4C64-9C5B-3EE0038D7282}.Debug|x86.ActiveCfg = Debug|Any CPU
		{4C4F0C40-5782-4C64-9C5B-3EE0038D7282}.Debug|x86.Build.0 = Debug|Any CPU
		{4C4F0C40-5782-4C64-9C5B-3EE0038D7282}.Release|Any CPU.ActiveCfg = Release|Any CPU
		{4C4F0C40-5782-4C64-9C5B-3EE0038D7282}.Release|Any CPU.Build.0 = Release|Any CPU
		{4C4F0C40-5782-4C64-9C5B-3EE0038D7282}.Release|x64.ActiveCfg = Release|Any CPU
		{4C4F0C40-5782-4C64-9C5B-3EE0038D7282}.Release|x64.Build.0 = Release|Any CPU
		{4C4F0C40-5782-4C64-9C5B-3EE0038D7282}.Release|x86.ActiveCfg = Release|Any CPU
		{4C4F0C40-5782-4C64-9C5B-3EE0038D7282}.Release|x86.Build.0 = Release|Any CPU
		{0FA153A2-C78A-44FD-989C-26EEC4944502}.Debug|Any CPU.ActiveCfg = Debug|Any CPU
		{0FA153A2-C78A-44FD-989C-26EEC4944502}.Debug|Any CPU.Build.0 = Debug|Any CPU
		{0FA153A2-C78A-44FD-989C-26EEC4944502}.Debug|x64.ActiveCfg = Debug|Any CPU
		{0FA153A2-C78A-44FD-989C-26EEC4944502}.Debug|x64.Build.0 = Debug|Any CPU
		{0FA153A2-C78A-44FD-989C-26EEC4944502}.Debug|x86.ActiveCfg = Debug|Any CPU
		{0FA153A2-C78A-44FD-989C-26EEC4944502}.Debug|x86.Build.0 = Debug|Any CPU
		{0FA153A2-C78A-44FD-989C-26EEC4944502}.Release|Any CPU.ActiveCfg = Release|Any CPU
		{0FA153A2-C78A-44FD-989C-26EEC4944502}.Release|Any CPU.Build.0 = Release|Any CPU
		{0FA153A2-C78A-44FD-989C-26EEC4944502}.Release|x64.ActiveCfg = Release|Any CPU
		{0FA153A2-C78A-44FD-989C-26EEC4944502}.Release|x64.Build.0 = Release|Any CPU
		{0FA153A2-C78A-44FD-989C-26EEC4944502}.Release|x86.ActiveCfg = Release|Any CPU
		{0FA153A2-C78A-44FD-989C-26EEC4944502}.Release|x86.Build.0 = Release|Any CPU
	EndGlobalSection
	GlobalSection(SolutionProperties) = preSolution
		HideSolutionNode = FALSE
	EndGlobalSection
	GlobalSection(ExtensibilityGlobals) = postSolution
		SolutionGuid = {1BAEE7EE-499C-439D-A9D5-9952796A5EEB}
	EndGlobalSection
EndGlobal
